<Solution>
  <Project Path="src/projects/dw.tools.math.foundation/dw.tools.math.foundation.csproj" />
  <Project Path="src/projects/dw.quantities/dw.quantities.csproj" />
  <Project Path="src/projects/dw.quantities.standard/dw.quantities.standard.csproj" />
  <Project Path="src/projects/dw.quantities.expression/dw.quantities.expression.csproj" />
  <Project Path="tests/projects/dw.tools.math.foundation.tests/dw.tools.math.foundation.tests.csproj" />
  <Project Path="tests/projects/dw.quantities.tests/dw.quantities.tests.csproj" />
</Solution>
